
Microsoft Visual Studio Solution File, Format Version 12.00
# Visual Studio 15
VisualStudioVersion = 15.0.27130.2010
MinimumVisualStudioVersion = 10.0.40219.1
Project("{8BC9CEB8-8B4A-11D0-8D11-00A0C91BC942}") = "sort_collection", "sort_collection\sort_collection.vcxproj", "{B34456C0-3427-426B-B145-E9F4F4DE460F}"
EndProject
Global
	GlobalSection(SolutionConfigurationPlatforms) = preSolution
		Debug|x64 = Debug|x64
		Debug|x86 = Debug|x86
		Release|x64 = Release|x64
		Release|x86 = Release|x86
	EndGlobalSection
	GlobalSection(ProjectConfigurationPlatforms) = postSolution
		{B34456C0-3427-426B-B145-E9F4F4DE460F}.Debug|x64.ActiveCfg = Debug|x64
		{B34456C0-3427-426B-B145-E9F4F4DE460F}.Debug|x64.Build.0 = Debug|x64
		{B34456C0-3427-426B-B145-E9F4F4DE460F}.Debug|x86.ActiveCfg = Debug|Win32
		{B34456C0-3427-426B-B145-E9F4F4DE460F}.Debug|x86.Build.0 = Debug|Win32
		{B34456C0-3427-426B-B145-E9F4F4DE460F}.Release|x64.ActiveCfg = Release|x64
		{B34456C0-3427-426B-B145-E9F4F4DE460F}.Release|x64.Build.0 = Release|x64
		{B34456C0-3427-426B-B145-E9F4F4DE460F}.Release|x86.ActiveCfg = Release|Win32
		{B34456C0-3427-426B-B145-E9F4F4DE460F}.Release|x86.Build.0 = Release|Win32
	EndGlobalSection
	GlobalSection(SolutionProperties) = preSolution
		HideSolutionNode = FALSE
	EndGlobalSection
	GlobalSection(ExtensibilityGlobals) = postSolution
		SolutionGuid = {FEE15515-DDD7-40E3-B7BF-2932DAEF2E1E}
	EndGlobalSection
EndGlobal
